
Microsoft Visual Studio Solution File, Format Version 12.00
# Visual Studio Version 16
VisualStudioVersion = 16.0.32413.511
MinimumVisualStudioVersion = 10.0.40219.1
Project("{FAE04EC0-301F-11D3-BF4B-00C04F79EFBC}") = "AmazonItsco_WindowsForm", "AmazonItsco_WindowsForm\AmazonItsco_WindowsForm.csproj", "{0DEFA9FC-1CC3-4FB4-8B0C-F3ADE43D9A9F}"
EndProject
Project("{FAE04EC0-301F-11D3-BF4B-00C04F79EFBC}") = "AmazonItsco_Logica_ClassLibrary", "AmazonItsco_Logica_ClassLibrary\AmazonItsco_Logica_ClassLibrary.csproj", "{D2BAC09B-89EC-463C-8282-8F2F574127EF}"
EndProject
Project("{FAE04EC0-301F-11D3-BF4B-00C04F79EFBC}") = "AmazonItsco_Data_ClassLibrary", "AmazonItsco_Data_ClassLibrary\AmazonItsco_Data_ClassLibrary.csproj", "{1D555004-7B4E-451B-93A5-3ECDF30D269A}"
EndProject
Global
	GlobalSection(SolutionConfigurationPlatforms) = preSolution
		Debug|Any CPU = Debug|Any CPU
		Release|Any CPU = Release|Any CPU
	EndGlobalSection
	GlobalSection(ProjectConfigurationPlatforms) = postSolution
		{0DEFA9FC-1CC3-4FB4-8B0C-F3ADE43D9A9F}.Debug|Any CPU.ActiveCfg = Debug|Any CPU
		{0DEFA9FC-1CC3-4FB4-8B0C-F3ADE43D9A9F}.Debug|Any CPU.Build.0 = Debug|Any CPU
		{0DEFA9FC-1CC3-4FB4-8B0C-F3ADE43D9A9F}.Release|Any CPU.ActiveCfg = Release|Any CPU
		{0DEFA9FC-1CC3-4FB4-8B0C-F3ADE43D9A9F}.Release|Any CPU.Build.0 = Release|Any CPU
		{D2BAC09B-89EC-463C-8282-8F2F574127EF}.Debug|Any CPU.ActiveCfg = Debug|Any CPU
		{D2BAC09B-89EC-463C-8282-8F2F574127EF}.Debug|Any CPU.Build.0 = Debug|Any CPU
		{D2BAC09B-89EC-463C-8282-8F2F574127EF}.Release|Any CPU.ActiveCfg = Release|Any CPU
		{D2BAC09B-89EC-463C-8282-8F2F574127EF}.Release|Any CPU.Build.0 = Release|Any CPU
		{1D555004-7B4E-451B-93A5-3ECDF30D269A}.Debug|Any CPU.ActiveCfg = Debug|Any CPU
		{1D555004-7B4E-451B-93A5-3ECDF30D269A}.Debug|Any CPU.Build.0 = Debug|Any CPU
		{1D555004-7B4E-451B-93A5-3ECDF30D269A}.Release|Any CPU.ActiveCfg = Release|Any CPU
		{1D555004-7B4E-451B-93A5-3ECDF30D269A}.Release|Any CPU.Build.0 = Release|Any CPU
	EndGlobalSection
	GlobalSection(SolutionProperties) = preSolution
		HideSolutionNode = FALSE
	EndGlobalSection
	GlobalSection(ExtensibilityGlobals) = postSolution
		SolutionGuid = {BFBD8E90-D664-4F46-A8C7-8FBDFB7E4D47}
	EndGlobalSection
EndGlobal
